
Microsoft Visual Studio Solution File, Format Version 12.00
# Visual Studio Version 17
VisualStudioVersion = 17.2.32630.192
MinimumVisualStudioVersion = 10.0.40219.1
Project("{9A19103F-16F7-4668-BE54-9A1E7A4F7556}") = "BlowinCleanCode", "BlowinCleanCode\BlowinCleanCode\BlowinCleanCode.csproj", "{E110D55F-A302-47D5-BAA3-CC668769D2D0}"
EndProject
Project("{9A19103F-16F7-4668-BE54-9A1E7A4F7556}") = "BlowinCleanCode.Package", "BlowinCleanCode\BlowinCleanCode.Package\BlowinCleanCode.Package.csproj", "{12036611-F6B4-4FB1-9246-D3B12DEB90AE}"
EndProject
Project("{9A19103F-16F7-4668-BE54-9A1E7A4F7556}") = "BlowinCleanCode.Test", "BlowinCleanCode\BlowinCleanCode.Test\BlowinCleanCode.Test.csproj", "{A37D1367-AE4E-4A1B-A2BE-8C1693D8BF8F}"
EndProject
Project("{9A19103F-16F7-4668-BE54-9A1E7A4F7556}") = "BlowinCleanCode.Analyzer.Vsix", "BlowinCleanCode\BlowinCleanCode.Vsix\BlowinCleanCode.Analyzer.Vsix.csproj", "{7C7D5F17-BBCF-4417-AEAD-D1247C4C7981}"
EndProject
Project("{9A19103F-16F7-4668-BE54-9A1E7A4F7556}") = "BlowinCleanCode.CodeFix", "BlowinCleanCode\BlowinCleanCode.CodeFix\BlowinCleanCode.CodeFix.csproj", "{278480BC-023F-43D2-BF9B-F010B8CFF3D3}"
EndProject
Project("{FAE04EC0-301F-11D3-BF4B-00C04F79EFBC}") = "BlowinCleanCode.Analyzer.Vsix.VS22", "BlowinCleanCode\BlowinCleanCode.Analyzer.Vsix.VS22\BlowinCleanCode.Analyzer.Vsix.VS22.csproj", "{C98AA6A6-1C45-4012-B57D-CDFC84720BCA}"
EndProject
Global
	GlobalSection(SolutionConfigurationPlatforms) = preSolution
		Debug|Any CPU = Debug|Any CPU
		Debug|x86 = Debug|x86
		Release|Any CPU = Release|Any CPU
		Release|x86 = Release|x86
	EndGlobalSection
	GlobalSection(ProjectConfigurationPlatforms) = postSolution
		{E110D55F-A302-47D5-BAA3-CC668769D2D0}.Debug|Any CPU.ActiveCfg = Debug|Any CPU
		{E110D55F-A302-47D5-BAA3-CC668769D2D0}.Debug|Any CPU.Build.0 = Debug|Any CPU
		{E110D55F-A302-47D5-BAA3-CC668769D2D0}.Debug|x86.ActiveCfg = Debug|Any CPU
		{E110D55F-A302-47D5-BAA3-CC668769D2D0}.Debug|x86.Build.0 = Debug|Any CPU
		{E110D55F-A302-47D5-BAA3-CC668769D2D0}.Release|Any CPU.ActiveCfg = Release|Any CPU
		{E110D55F-A302-47D5-BAA3-CC668769D2D0}.Release|Any CPU.Build.0 = Release|Any CPU
		{E110D55F-A302-47D5-BAA3-CC668769D2D0}.Release|x86.ActiveCfg = Release|Any CPU
		{E110D55F-A302-47D5-BAA3-CC668769D2D0}.Release|x86.Build.0 = Release|Any CPU
		{12036611-F6B4-4FB1-9246-D3B12DEB90AE}.Debug|Any CPU.ActiveCfg = Debug|Any CPU
		{12036611-F6B4-4FB1-9246-D3B12DEB90AE}.Debug|Any CPU.Build.0 = Debug|Any CPU
		{12036611-F6B4-4FB1-9246-D3B12DEB90AE}.Debug|x86.ActiveCfg = Debug|Any CPU
		{12036611-F6B4-4FB1-9246-D3B12DEB90AE}.Debug|x86.Build.0 = Debug|Any CPU
		{12036611-F6B4-4FB1-9246-D3B12DEB90AE}.Release|Any CPU.ActiveCfg = Release|Any CPU
		{12036611-F6B4-4FB1-9246-D3B12DEB90AE}.Release|Any CPU.Build.0 = Release|Any CPU
		{12036611-F6B4-4FB1-9246-D3B12DEB90AE}.Release|x86.ActiveCfg = Release|Any CPU
		{12036611-F6B4-4FB1-9246-D3B12DEB90AE}.Release|x86.Build.0 = Release|Any CPU
		{A37D1367-AE4E-4A1B-A2BE-8C1693D8BF8F}.Debug|Any CPU.ActiveCfg = Debug|Any CPU
		{A37D1367-AE4E-4A1B-A2BE-8C1693D8BF8F}.Debug|Any CPU.Build.0 = Debug|Any CPU
		{A37D1367-AE4E-4A1B-A2BE-8C1693D8BF8F}.Debug|x86.ActiveCfg = Debug|Any CPU
		{A37D1367-AE4E-4A1B-A2BE-8C1693D8BF8F}.Debug|x86.Build.0 = Debug|Any CPU
		{A37D1367-AE4E-4A1B-A2BE-8C1693D8BF8F}.Release|Any CPU.ActiveCfg = Release|Any CPU
		{A37D1367-AE4E-4A1B-A2BE-8C1693D8BF8F}.Release|Any CPU.Build.0 = Release|Any CPU
		{A37D1367-AE4E-4A1B-A2BE-8C1693D8BF8F}.Release|x86.ActiveCfg = Release|Any CPU
		{A37D1367-AE4E-4A1B-A2BE-8C1693D8BF8F}.Release|x86.Build.0 = Release|Any CPU
		{7C7D5F17-BBCF-4417-AEAD-D1247C4C7981}.Debug|Any CPU.ActiveCfg = Debug|Any CPU
		{7C7D5F17-BBCF-4417-AEAD-D1247C4C7981}.Debug|Any CPU.Build.0 = Debug|Any CPU
		{7C7D5F17-BBCF-4417-AEAD-D1247C4C7981}.Debug|x86.ActiveCfg = Debug|Any CPU
		{7C7D5F17-BBCF-4417-AEAD-D1247C4C7981}.Debug|x86.Build.0 = Debug|Any CPU
		{7C7D5F17-BBCF-4417-AEAD-D1247C4C7981}.Release|Any CPU.ActiveCfg = Release|Any CPU
		{7C7D5F17-BBCF-4417-AEAD-D1247C4C7981}.Release|Any CPU.Build.0 = Release|Any CPU
		{7C7D5F17-BBCF-4417-AEAD-D1247C4C7981}.Release|x86.ActiveCfg = Release|Any CPU
		{7C7D5F17-BBCF-4417-AEAD-D1247C4C7981}.Release|x86.Build.0 = Release|Any CPU
		{278480BC-023F-43D2-BF9B-F010B8CFF3D3}.Debug|Any CPU.ActiveCfg = Debug|Any CPU
		{278480BC-023F-43D2-BF9B-F010B8CFF3D3}.Debug|Any CPU.Build.0 = Debug|Any CPU
		{278480BC-023F-43D2-BF9B-F010B8CFF3D3}.Debug|x86.ActiveCfg = Debug|Any CPU
		{278480BC-023F-43D2-BF9B-F010B8CFF3D3}.Debug|x86.Build.0 = Debug|Any CPU
		{278480BC-023F-43D2-BF9B-F010B8CFF3D3}.Release|Any CPU.ActiveCfg = Release|Any CPU
		{278480BC-023F-43D2-BF9B-F010B8CFF3D3}.Release|Any CPU.Build.0 = Release|Any CPU
		{278480BC-023F-43D2-BF9B-F010B8CFF3D3}.Release|x86.ActiveCfg = Release|Any CPU
		{278480BC-023F-43D2-BF9B-F010B8CFF3D3}.Release|x86.Build.0 = Release|Any CPU
		{C98AA6A6-1C45-4012-B57D-CDFC84720BCA}.Debug|Any CPU.ActiveCfg = Debug|Any CPU
		{C98AA6A6-1C45-4012-B57D-CDFC84720BCA}.Debug|Any CPU.Build.0 = Debug|Any CPU
		{C98AA6A6-1C45-4012-B57D-CDFC84720BCA}.Debug|x86.ActiveCfg = Debug|x86
		{C98AA6A6-1C45-4012-B57D-CDFC84720BCA}.Debug|x86.Build.0 = Debug|x86
		{C98AA6A6-1C45-4012-B57D-CDFC84720BCA}.Release|Any CPU.ActiveCfg = Release|Any CPU
		{C98AA6A6-1C45-4012-B57D-CDFC84720BCA}.Release|Any CPU.Build.0 = Release|Any CPU
		{C98AA6A6-1C45-4012-B57D-CDFC84720BCA}.Release|x86.ActiveCfg = Release|x86
		{C98AA6A6-1C45-4012-B57D-CDFC84720BCA}.Release|x86.Build.0 = Release|x86
	EndGlobalSection
	GlobalSection(SolutionProperties) = preSolution
		HideSolutionNode = FALSE
	EndGlobalSection
	GlobalSection(ExtensibilityGlobals) = postSolution
		SolutionGuid = {759DE270-9422-4355-8945-02A53A616C24}
	EndGlobalSection
EndGlobal
