
Microsoft Visual Studio Solution File, Format Version 12.00
# Visual Studio Version 16
VisualStudioVersion = 16.0.31321.278
MinimumVisualStudioVersion = 10.0.40219.1
Project("{FAE04EC0-301F-11D3-BF4B-00C04F79EFBC}") = "BlowinCleanCode", "BlowinCleanCode\BlowinCleanCode\BlowinCleanCode.csproj", "{E110D55F-A302-47D5-BAA3-CC668769D2D0}"
EndProject
Project("{FAE04EC0-301F-11D3-BF4B-00C04F79EFBC}") = "BlowinCleanCode.Package", "BlowinCleanCode\BlowinCleanCode.Package\BlowinCleanCode.Package.csproj", "{12036611-F6B4-4FB1-9246-D3B12DEB90AE}"
EndProject
Project("{FAE04EC0-301F-11D3-BF4B-00C04F79EFBC}") = "BlowinCleanCode.Test", "BlowinCleanCode\BlowinCleanCode.Test\BlowinCleanCode.Test.csproj", "{A37D1367-AE4E-4A1B-A2BE-8C1693D8BF8F}"
EndProject
Project("{FAE04EC0-301F-11D3-BF4B-00C04F79EFBC}") = "BlowinCleanCode.Vsix", "BlowinCleanCode\BlowinCleanCode.Vsix\BlowinCleanCode.Vsix.csproj", "{7C7D5F17-BBCF-4417-AEAD-D1247C4C7981}"
EndProject
Project("{FAE04EC0-301F-11D3-BF4B-00C04F79EFBC}") = "BlowinCleanCode.CodeFix", "BlowinCleanCode\BlowinCleanCode.CodeFix\BlowinCleanCode.CodeFix.csproj", "{278480BC-023F-43D2-BF9B-F010B8CFF3D3}"
EndProject
Global
	GlobalSection(SolutionConfigurationPlatforms) = preSolution
		Debug|Any CPU = Debug|Any CPU
		Release|Any CPU = Release|Any CPU
	EndGlobalSection
	GlobalSection(ProjectConfigurationPlatforms) = postSolution
		{E110D55F-A302-47D5-BAA3-CC668769D2D0}.Debug|Any CPU.ActiveCfg = Debug|Any CPU
		{E110D55F-A302-47D5-BAA3-CC668769D2D0}.Debug|Any CPU.Build.0 = Debug|Any CPU
		{E110D55F-A302-47D5-BAA3-CC668769D2D0}.Release|Any CPU.ActiveCfg = Release|Any CPU
		{E110D55F-A302-47D5-BAA3-CC668769D2D0}.Release|Any CPU.Build.0 = Release|Any CPU
		{12036611-F6B4-4FB1-9246-D3B12DEB90AE}.Debug|Any CPU.ActiveCfg = Debug|Any CPU
		{12036611-F6B4-4FB1-9246-D3B12DEB90AE}.Debug|Any CPU.Build.0 = Debug|Any CPU
		{12036611-F6B4-4FB1-9246-D3B12DEB90AE}.Release|Any CPU.ActiveCfg = Release|Any CPU
		{12036611-F6B4-4FB1-9246-D3B12DEB90AE}.Release|Any CPU.Build.0 = Release|Any CPU
		{A37D1367-AE4E-4A1B-A2BE-8C1693D8BF8F}.Debug|Any CPU.ActiveCfg = Debug|Any CPU
		{A37D1367-AE4E-4A1B-A2BE-8C1693D8BF8F}.Debug|Any CPU.Build.0 = Debug|Any CPU
		{A37D1367-AE4E-4A1B-A2BE-8C1693D8BF8F}.Release|Any CPU.ActiveCfg = Release|Any CPU
		{A37D1367-AE4E-4A1B-A2BE-8C1693D8BF8F}.Release|Any CPU.Build.0 = Release|Any CPU
		{7C7D5F17-BBCF-4417-AEAD-D1247C4C7981}.Debug|Any CPU.ActiveCfg = Debug|Any CPU
		{7C7D5F17-BBCF-4417-AEAD-D1247C4C7981}.Debug|Any CPU.Build.0 = Debug|Any CPU
		{7C7D5F17-BBCF-4417-AEAD-D1247C4C7981}.Release|Any CPU.ActiveCfg = Release|Any CPU
		{7C7D5F17-BBCF-4417-AEAD-D1247C4C7981}.Release|Any CPU.Build.0 = Release|Any CPU
		{278480BC-023F-43D2-BF9B-F010B8CFF3D3}.Debug|Any CPU.ActiveCfg = Debug|Any CPU
		{278480BC-023F-43D2-BF9B-F010B8CFF3D3}.Debug|Any CPU.Build.0 = Debug|Any CPU
		{278480BC-023F-43D2-BF9B-F010B8CFF3D3}.Release|Any CPU.ActiveCfg = Release|Any CPU
		{278480BC-023F-43D2-BF9B-F010B8CFF3D3}.Release|Any CPU.Build.0 = Release|Any CPU
	EndGlobalSection
	GlobalSection(SolutionProperties) = preSolution
		HideSolutionNode = FALSE
	EndGlobalSection
	GlobalSection(ExtensibilityGlobals) = postSolution
		SolutionGuid = {759DE270-9422-4355-8945-02A53A616C24}
	EndGlobalSection
EndGlobal
